
Microsoft Visual Studio Solution File, Format Version 12.00
# Visual Studio Version 17
VisualStudioVersion = 17.5.33424.131
MinimumVisualStudioVersion = 10.0.40219.1
Project("{8BC9CEB8-8B4A-11D0-8D11-00A0C91BC942}") = "Hw1", "Hw1.vcxproj", "{717B9703-B7DD-43DC-9E8E-B6FE70D1FE07}"
EndProject
Global
	GlobalSection(SolutionConfigurationPlatforms) = preSolution
		Debug|x64 = Debug|x64
		Debug|x86 = Debug|x86
		Release|x64 = Release|x64
		Release|x86 = Release|x86
	EndGlobalSection
	GlobalSection(ProjectConfigurationPlatforms) = postSolution
		{717B9703-B7DD-43DC-9E8E-B6FE70D1FE07}.Debug|x64.ActiveCfg = Debug|x64
		{717B9703-B7DD-43DC-9E8E-B6FE70D1FE07}.Debug|x64.Build.0 = Debug|x64
		{717B9703-B7DD-43DC-9E8E-B6FE70D1FE07}.Debug|x86.ActiveCfg = Debug|Win32
		{717B9703-B7DD-43DC-9E8E-B6FE70D1FE07}.Debug|x86.Build.0 = Debug|Win32
		{717B9703-B7DD-43DC-9E8E-B6FE70D1FE07}.Release|x64.ActiveCfg = Release|x64
		{717B9703-B7DD-43DC-9E8E-B6FE70D1FE07}.Release|x64.Build.0 = Release|x64
		{717B9703-B7DD-43DC-9E8E-B6FE70D1FE07}.Release|x86.ActiveCfg = Release|Win32
		{717B9703-B7DD-43DC-9E8E-B6FE70D1FE07}.Release|x86.Build.0 = Release|Win32
	EndGlobalSection
	GlobalSection(SolutionProperties) = preSolution
		HideSolutionNode = FALSE
	EndGlobalSection
	GlobalSection(ExtensibilityGlobals) = postSolution
		SolutionGuid = {824D72AA-2786-4024-BCF4-17830143FA35}
	EndGlobalSection
EndGlobal
